
Microsoft Visual Studio Solution File, Format Version 12.00
# Visual Studio 2013
VisualStudioVersion = 12.0.21005.1
MinimumVisualStudioVersion = 10.0.40219.1
Project("{FAE04EC0-301F-11D3-BF4B-00C04F79EFBC}") = "PowerBI", "PowerBI\PowerBI.csproj", "{9D31BFAC-83F9-47A2-B83E-F2D9E1A4B478}"
EndProject
Global
	GlobalSection(TeamFoundationVersionControl) = preSolution
		SccNumberOfProjects = 2
		SccEnterpriseProvider = {4CA58AB2-18FA-4F8D-95D4-32DDF27D184C}
		SccTeamFoundationServer = http://srv-des2:8080/tfs/remaza
		SccLocalPath0 = .
		SccProjectUniqueName1 = PowerBI\\PowerBI.csproj
		SccProjectName1 = PowerBI
		SccLocalPath1 = PowerBI
	EndGlobalSection
	GlobalSection(SolutionConfigurationPlatforms) = preSolution
		Debug|Any CPU = Debug|Any CPU
		Release|Any CPU = Release|Any CPU
	EndGlobalSection
	GlobalSection(ProjectConfigurationPlatforms) = postSolution
		{9D31BFAC-83F9-47A2-B83E-F2D9E1A4B478}.Debug|Any CPU.ActiveCfg = Debug|Any CPU
		{9D31BFAC-83F9-47A2-B83E-F2D9E1A4B478}.Debug|Any CPU.Build.0 = Debug|Any CPU
		{9D31BFAC-83F9-47A2-B83E-F2D9E1A4B478}.Release|Any CPU.ActiveCfg = Release|Any CPU
		{9D31BFAC-83F9-47A2-B83E-F2D9E1A4B478}.Release|Any CPU.Build.0 = Release|Any CPU
	EndGlobalSection
	GlobalSection(SolutionProperties) = preSolution
		HideSolutionNode = FALSE
	EndGlobalSection
EndGlobal
