
Microsoft Visual Studio Solution File, Format Version 12.00
# Visual Studio Version 16
VisualStudioVersion = 16.0.30320.27
MinimumVisualStudioVersion = 10.0.40219.1
Project("{159641D6-6404-4A2A-AE62-294DE0FE8301}") = "Projeto Portal Gimba", "Projeto Portal Gimba.dtproj", "{5D876D78-8401-4AEA-A4A0-FC4502B840C3}"
EndProject
Project("{00D1A9C2-B5F0-4AF3-8072-F6C62B433612}") = "Estrutura DW Portal Gimba", "..\Estrutura DW Portal Gimba\Estrutura DW Portal Gimba.sqlproj", "{85737016-F2EB-4ADE-A52E-A783AB450C7E}"
EndProject
Project("{00D1A9C2-B5F0-4AF3-8072-F6C62B433612}") = "Estrutura Stage Portal Gimba", "..\Estrutura Stage Portal Gimba\Estrutura Stage Portal Gimba.sqlproj", "{46C228FF-975D-44F1-8B30-1B3D6F91239D}"
EndProject
Project("{6870E480-7721-4708-BFB8-9AE898AA21B3}") = "Projeto eGbPortal SSAS New", "..\Projeto eGbPortal SSAS New\Projeto eGbPortal SSAS New.smproj", "{1B691B0E-4977-4A4E-95BD-689E598E3AD4}"
EndProject
Global
	GlobalSection(SolutionConfigurationPlatforms) = preSolution
		Debug|Any CPU = Debug|Any CPU
		Debug|x86 = Debug|x86
		Development|Any CPU = Development|Any CPU
		Development|x86 = Development|x86
		Release|Any CPU = Release|Any CPU
		Release|x86 = Release|x86
	EndGlobalSection
	GlobalSection(ProjectConfigurationPlatforms) = postSolution
		{5D876D78-8401-4AEA-A4A0-FC4502B840C3}.Debug|Any CPU.ActiveCfg = Development
		{5D876D78-8401-4AEA-A4A0-FC4502B840C3}.Debug|Any CPU.Build.0 = Development
		{5D876D78-8401-4AEA-A4A0-FC4502B840C3}.Debug|x86.ActiveCfg = Development
		{5D876D78-8401-4AEA-A4A0-FC4502B840C3}.Debug|x86.Build.0 = Development
		{5D876D78-8401-4AEA-A4A0-FC4502B840C3}.Development|Any CPU.ActiveCfg = Development
		{5D876D78-8401-4AEA-A4A0-FC4502B840C3}.Development|Any CPU.Build.0 = Development
		{5D876D78-8401-4AEA-A4A0-FC4502B840C3}.Development|x86.ActiveCfg = Development
		{5D876D78-8401-4AEA-A4A0-FC4502B840C3}.Development|x86.Build.0 = Development
		{5D876D78-8401-4AEA-A4A0-FC4502B840C3}.Release|Any CPU.ActiveCfg = Development
		{5D876D78-8401-4AEA-A4A0-FC4502B840C3}.Release|Any CPU.Build.0 = Development
		{5D876D78-8401-4AEA-A4A0-FC4502B840C3}.Release|x86.ActiveCfg = Development
		{5D876D78-8401-4AEA-A4A0-FC4502B840C3}.Release|x86.Build.0 = Development
		{85737016-F2EB-4ADE-A52E-A783AB450C7E}.Debug|Any CPU.ActiveCfg = Debug|Any CPU
		{85737016-F2EB-4ADE-A52E-A783AB450C7E}.Debug|Any CPU.Build.0 = Debug|Any CPU
		{85737016-F2EB-4ADE-A52E-A783AB450C7E}.Debug|Any CPU.Deploy.0 = Debug|Any CPU
		{85737016-F2EB-4ADE-A52E-A783AB450C7E}.Debug|x86.ActiveCfg = Debug|Any CPU
		{85737016-F2EB-4ADE-A52E-A783AB450C7E}.Debug|x86.Build.0 = Debug|Any CPU
		{85737016-F2EB-4ADE-A52E-A783AB450C7E}.Debug|x86.Deploy.0 = Debug|Any CPU
		{85737016-F2EB-4ADE-A52E-A783AB450C7E}.Development|Any CPU.ActiveCfg = Debug|Any CPU
		{85737016-F2EB-4ADE-A52E-A783AB450C7E}.Development|Any CPU.Build.0 = Debug|Any CPU
		{85737016-F2EB-4ADE-A52E-A783AB450C7E}.Development|Any CPU.Deploy.0 = Debug|Any CPU
		{85737016-F2EB-4ADE-A52E-A783AB450C7E}.Development|x86.ActiveCfg = Debug|Any CPU
		{85737016-F2EB-4ADE-A52E-A783AB450C7E}.Development|x86.Build.0 = Debug|Any CPU
		{85737016-F2EB-4ADE-A52E-A783AB450C7E}.Development|x86.Deploy.0 = Debug|Any CPU
		{85737016-F2EB-4ADE-A52E-A783AB450C7E}.Release|Any CPU.ActiveCfg = Release|Any CPU
		{85737016-F2EB-4ADE-A52E-A783AB450C7E}.Release|Any CPU.Build.0 = Release|Any CPU
		{85737016-F2EB-4ADE-A52E-A783AB450C7E}.Release|Any CPU.Deploy.0 = Release|Any CPU
		{85737016-F2EB-4ADE-A52E-A783AB450C7E}.Release|x86.ActiveCfg = Release|Any CPU
		{85737016-F2EB-4ADE-A52E-A783AB450C7E}.Release|x86.Build.0 = Release|Any CPU
		{85737016-F2EB-4ADE-A52E-A783AB450C7E}.Release|x86.Deploy.0 = Release|Any CPU
		{46C228FF-975D-44F1-8B30-1B3D6F91239D}.Debug|Any CPU.ActiveCfg = Debug|Any CPU
		{46C228FF-975D-44F1-8B30-1B3D6F91239D}.Debug|Any CPU.Build.0 = Debug|Any CPU
		{46C228FF-975D-44F1-8B30-1B3D6F91239D}.Debug|Any CPU.Deploy.0 = Debug|Any CPU
		{46C228FF-975D-44F1-8B30-1B3D6F91239D}.Debug|x86.ActiveCfg = Debug|Any CPU
		{46C228FF-975D-44F1-8B30-1B3D6F91239D}.Debug|x86.Build.0 = Debug|Any CPU
		{46C228FF-975D-44F1-8B30-1B3D6F91239D}.Debug|x86.Deploy.0 = Debug|Any CPU
		{46C228FF-975D-44F1-8B30-1B3D6F91239D}.Development|Any CPU.ActiveCfg = Debug|Any CPU
		{46C228FF-975D-44F1-8B30-1B3D6F91239D}.Development|Any CPU.Build.0 = Debug|Any CPU
		{46C228FF-975D-44F1-8B30-1B3D6F91239D}.Development|Any CPU.Deploy.0 = Debug|Any CPU
		{46C228FF-975D-44F1-8B30-1B3D6F91239D}.Development|x86.ActiveCfg = Debug|Any CPU
		{46C228FF-975D-44F1-8B30-1B3D6F91239D}.Development|x86.Build.0 = Debug|Any CPU
		{46C228FF-975D-44F1-8B30-1B3D6F91239D}.Development|x86.Deploy.0 = Debug|Any CPU
		{46C228FF-975D-44F1-8B30-1B3D6F91239D}.Release|Any CPU.ActiveCfg = Release|Any CPU
		{46C228FF-975D-44F1-8B30-1B3D6F91239D}.Release|Any CPU.Build.0 = Release|Any CPU
		{46C228FF-975D-44F1-8B30-1B3D6F91239D}.Release|Any CPU.Deploy.0 = Release|Any CPU
		{46C228FF-975D-44F1-8B30-1B3D6F91239D}.Release|x86.ActiveCfg = Release|Any CPU
		{46C228FF-975D-44F1-8B30-1B3D6F91239D}.Release|x86.Build.0 = Release|Any CPU
		{46C228FF-975D-44F1-8B30-1B3D6F91239D}.Release|x86.Deploy.0 = Release|Any CPU
		{1B691B0E-4977-4A4E-95BD-689E598E3AD4}.Debug|Any CPU.ActiveCfg = Development|x86
		{1B691B0E-4977-4A4E-95BD-689E598E3AD4}.Debug|Any CPU.Build.0 = Development|x86
		{1B691B0E-4977-4A4E-95BD-689E598E3AD4}.Debug|Any CPU.Deploy.0 = Development|x86
		{1B691B0E-4977-4A4E-95BD-689E598E3AD4}.Debug|x86.ActiveCfg = Development|x86
		{1B691B0E-4977-4A4E-95BD-689E598E3AD4}.Debug|x86.Build.0 = Development|x86
		{1B691B0E-4977-4A4E-95BD-689E598E3AD4}.Debug|x86.Deploy.0 = Development|x86
		{1B691B0E-4977-4A4E-95BD-689E598E3AD4}.Development|Any CPU.ActiveCfg = Development|x86
		{1B691B0E-4977-4A4E-95BD-689E598E3AD4}.Development|x86.ActiveCfg = Development|x86
		{1B691B0E-4977-4A4E-95BD-689E598E3AD4}.Development|x86.Build.0 = Development|x86
		{1B691B0E-4977-4A4E-95BD-689E598E3AD4}.Development|x86.Deploy.0 = Development|x86
		{1B691B0E-4977-4A4E-95BD-689E598E3AD4}.Release|Any CPU.ActiveCfg = Development|x86
		{1B691B0E-4977-4A4E-95BD-689E598E3AD4}.Release|Any CPU.Build.0 = Development|x86
		{1B691B0E-4977-4A4E-95BD-689E598E3AD4}.Release|Any CPU.Deploy.0 = Development|x86
		{1B691B0E-4977-4A4E-95BD-689E598E3AD4}.Release|x86.ActiveCfg = Development|x86
		{1B691B0E-4977-4A4E-95BD-689E598E3AD4}.Release|x86.Build.0 = Development|x86
		{1B691B0E-4977-4A4E-95BD-689E598E3AD4}.Release|x86.Deploy.0 = Development|x86
	EndGlobalSection
	GlobalSection(SolutionProperties) = preSolution
		HideSolutionNode = FALSE
	EndGlobalSection
	GlobalSection(ExtensibilityGlobals) = postSolution
		SolutionGuid = {67C5DCE0-D4AE-4BD5-A06A-4E57D389540E}
	EndGlobalSection
	GlobalSection(TeamFoundationVersionControl) = preSolution
		SccNumberOfProjects = 5
		SccEnterpriseProvider = {4CA58AB2-18FA-4F8D-95D4-32DDF27D184C}
		SccTeamFoundationServer = http://srv-des2:8080/tfs/remaza
		SccLocalPath0 = .
		SccProjectUniqueName1 = Projeto\u0020Portal\u0020Gimba.dtproj
		SccLocalPath1 = .
		SccProjectUniqueName2 = ..\\Estrutura\u0020DW\u0020Portal\u0020Gimba\\Estrutura\u0020DW\u0020Portal\u0020Gimba.sqlproj
		SccProjectName2 = ../Estrutura\u0020DW\u0020Portal\u0020Gimba
		SccLocalPath2 = ..\\Estrutura\u0020DW\u0020Portal\u0020Gimba
		SccProjectUniqueName3 = ..\\Estrutura\u0020Stage\u0020Portal\u0020Gimba\\Estrutura\u0020Stage\u0020Portal\u0020Gimba.sqlproj
		SccProjectName3 = ../Estrutura\u0020Stage\u0020Portal\u0020Gimba
		SccLocalPath3 = ..\\Estrutura\u0020Stage\u0020Portal\u0020Gimba
		SccProjectUniqueName4 = ..\\Projeto\u0020eGbPortal\u0020SSAS\u0020New\\Projeto\u0020eGbPortal\u0020SSAS\u0020New.smproj
		SccProjectName4 = ../Projeto\u0020eGbPortal\u0020SSAS\u0020New
		SccLocalPath4 = ..\\Projeto\u0020eGbPortal\u0020SSAS\u0020New
	EndGlobalSection
EndGlobal
